
Microsoft Visual Studio Solution File, Format Version 12.00
# Visual Studio Version 16
VisualStudioVersion = 16.0.32602.291
MinimumVisualStudioVersion = 10.0.40219.1
Project("{FAE04EC0-301F-11D3-BF4B-00C04F79EFBC}") = "AssetManagement", "AssetManagement\AssetManagement.csproj", "{8F496C48-2B45-4F83-B182-3179007C6474}"
EndProject
Global
	GlobalSection(SolutionConfigurationPlatforms) = preSolution
		Debug|Any CPU = Debug|Any CPU
		Release|Any CPU = Release|Any CPU
	EndGlobalSection
	GlobalSection(ProjectConfigurationPlatforms) = postSolution
		{8F496C48-2B45-4F83-B182-3179007C6474}.Debug|Any CPU.ActiveCfg = Debug|Any CPU
		{8F496C48-2B45-4F83-B182-3179007C6474}.Debug|Any CPU.Build.0 = Debug|Any CPU
		{8F496C48-2B45-4F83-B182-3179007C6474}.Release|Any CPU.ActiveCfg = Release|Any CPU
		{8F496C48-2B45-4F83-B182-3179007C6474}.Release|Any CPU.Build.0 = Release|Any CPU
	EndGlobalSection
	GlobalSection(SolutionProperties) = preSolution
		HideSolutionNode = FALSE
	EndGlobalSection
	GlobalSection(ExtensibilityGlobals) = postSolution
		SolutionGuid = {B1EA9F7C-17F1-41E6-8981-3527DBB1F004}
	EndGlobalSection
EndGlobal
